
Microsoft Visual Studio Solution File, Format Version 12.00
Project("{FAE04EC0-301F-11D3-BF4B-00C04F79EFBC}") = "GnomeSort", "GnomeSort\GnomeSort.csproj", "{3956CD9A-F774-4E98-8A46-FB73D8FD8FF2}"
EndProject
Global
	GlobalSection(SolutionConfigurationPlatforms) = preSolution
		Debug|Any CPU = Debug|Any CPU
		Release|Any CPU = Release|Any CPU
	EndGlobalSection
	GlobalSection(ProjectConfigurationPlatforms) = postSolution
		{3956CD9A-F774-4E98-8A46-FB73D8FD8FF2}.Debug|Any CPU.ActiveCfg = Debug|Any CPU
		{3956CD9A-F774-4E98-8A46-FB73D8FD8FF2}.Debug|Any CPU.Build.0 = Debug|Any CPU
		{3956CD9A-F774-4E98-8A46-FB73D8FD8FF2}.Release|Any CPU.ActiveCfg = Release|Any CPU
		{3956CD9A-F774-4E98-8A46-FB73D8FD8FF2}.Release|Any CPU.Build.0 = Release|Any CPU
	EndGlobalSection
EndGlobal
